
Microsoft Visual Studio Solution File, Format Version 12.00
# Visual Studio Version 17
VisualStudioVersion = 17.8.34330.188
MinimumVisualStudioVersion = 10.0.40219.1
Project("{FAE04EC0-301F-11D3-BF4B-00C04F79EFBC}") = "egzamin", "egzamin\egzamin.csproj", "{2180943E-C9A4-4C89-B625-5A191F52E800}"
EndProject
Global
	GlobalSection(SolutionConfigurationPlatforms) = preSolution
		Debug|Any CPU = Debug|Any CPU
		Release|Any CPU = Release|Any CPU
	EndGlobalSection
	GlobalSection(ProjectConfigurationPlatforms) = postSolution
		{2180943E-C9A4-4C89-B625-5A191F52E800}.Debug|Any CPU.ActiveCfg = Debug|Any CPU
		{2180943E-C9A4-4C89-B625-5A191F52E800}.Debug|Any CPU.Build.0 = Debug|Any CPU
		{2180943E-C9A4-4C89-B625-5A191F52E800}.Release|Any CPU.ActiveCfg = Release|Any CPU
		{2180943E-C9A4-4C89-B625-5A191F52E800}.Release|Any CPU.Build.0 = Release|Any CPU
	EndGlobalSection
	GlobalSection(SolutionProperties) = preSolution
		HideSolutionNode = FALSE
	EndGlobalSection
	GlobalSection(ExtensibilityGlobals) = postSolution
		SolutionGuid = {224167A3-ABC1-479B-97B0-72247150FA56}
	EndGlobalSection
EndGlobal
